// !$*UTF8*$!
{
	archiveVersion = 1;
	classes = {
	};
	objectVersion = 50;
	objects = {

/* Begin PBXBuildFile section */
		9A17757223B4A10000115BE0 /* CitySearchJson.json in Resources */ = {isa = PBXBuildFile; fileRef = 9A17757123B4A10000115BE0 /* CitySearchJson.json */; };
		9A17757423B4DBF700115BE0 /* CityWeatherDetails.json in Resources */ = {isa = PBXBuildFile; fileRef = 9A17757323B4DBF700115BE0 /* CityWeatherDetails.json */; };
		9A17757623B4E0E000115BE0 /* CityWeatherVCTests.swift in Sources */ = {isa = PBXBuildFile; fileRef = 9A17757523B4E0E000115BE0 /* CityWeatherVCTests.swift */; };
		9A6808F023B08822000C78A3 /* AppDelegate.swift in Sources */ = {isa = PBXBuildFile; fileRef = 9A6808EF23B08822000C78A3 /* AppDelegate.swift */; };
		9A6808F223B08822000C78A3 /* SceneDelegate.swift in Sources */ = {isa = PBXBuildFile; fileRef = 9A6808F123B08822000C78A3 /* SceneDelegate.swift */; };
		9A6808F423B08822000C78A3 /* CitySearchViewController.swift in Sources */ = {isa = PBXBuildFile; fileRef = 9A6808F323B08822000C78A3 /* CitySearchViewController.swift */; };
		9A6808F723B08822000C78A3 /* Main.storyboard in Resources */ = {isa = PBXBuildFile; fileRef = 9A6808F523B08822000C78A3 /* Main.storyboard */; };
		9A6808F923B08823000C78A3 /* Assets.xcassets in Resources */ = {isa = PBXBuildFile; fileRef = 9A6808F823B08823000C78A3 /* Assets.xcassets */; };
		9A6808FC23B08823000C78A3 /* LaunchScreen.storyboard in Resources */ = {isa = PBXBuildFile; fileRef = 9A6808FA23B08823000C78A3 /* LaunchScreen.storyboard */; };
		9A68090723B08823000C78A3 /* WeatherReportTests.swift in Sources */ = {isa = PBXBuildFile; fileRef = 9A68090623B08823000C78A3 /* WeatherReportTests.swift */; };
		9A68091223B08823000C78A3 /* WeatherReportUITests.swift in Sources */ = {isa = PBXBuildFile; fileRef = 9A68091123B08823000C78A3 /* WeatherReportUITests.swift */; };
		9A68092523B0A3A5000C78A3 /* ConnectionManager.swift in Sources */ = {isa = PBXBuildFile; fileRef = 9A68092423B0A3A5000C78A3 /* ConnectionManager.swift */; };
		9A68092923B0B496000C78A3 /* CityList.swift in Sources */ = {isa = PBXBuildFile; fileRef = 9A68092823B0B496000C78A3 /* CityList.swift */; };
		9AA5DC1B23B0C9A20088676D /* Common.swift in Sources */ = {isa = PBXBuildFile; fileRef = 9AA5DC1A23B0C9A20088676D /* Common.swift */; };
		9AA5DC2223B0E2440088676D /* CityWeatherViewController.swift in Sources */ = {isa = PBXBuildFile; fileRef = 9AA5DC2123B0E2440088676D /* CityWeatherViewController.swift */; };
		9AA5DC2423B1B8110088676D /* WeatherDetailsAnnonation.swift in Sources */ = {isa = PBXBuildFile; fileRef = 9AA5DC2323B1B8110088676D /* WeatherDetailsAnnonation.swift */; };
		9AA5DC2623B1C7650088676D /* CityWeatherDetails.swift in Sources */ = {isa = PBXBuildFile; fileRef = 9AA5DC2523B1C7650088676D /* CityWeatherDetails.swift */; };
/* End PBXBuildFile section */

/* Begin PBXContainerItemProxy section */
		9A68090323B08823000C78A3 /* PBXContainerItemProxy */ = {
			isa = PBXContainerItemProxy;
			containerPortal = 9A6808E423B08821000C78A3 /* Project object */;
			proxyType = 1;
			remoteGlobalIDString = 9A6808EB23B08822000C78A3;
			remoteInfo = WeatherReport;
		};
		9A68090E23B08823000C78A3 /* PBXContainerItemProxy */ = {
			isa = PBXContainerItemProxy;
			containerPortal = 9A6808E423B08821000C78A3 /* Project object */;
			proxyType = 1;
			remoteGlobalIDString = 9A6808EB23B08822000C78A3;
			remoteInfo = WeatherReport;
		};
/* End PBXContainerItemProxy section */

/* Begin PBXFileReference section */
		9A17757123B4A10000115BE0 /* CitySearchJson.json */ = {isa = PBXFileReference; lastKnownFileType = text.json; path = CitySearchJson.json; sourceTree = "<group>"; };
		9A17757323B4DBF700115BE0 /* CityWeatherDetails.json */ = {isa = PBXFileReference; lastKnownFileType = text.json; path = CityWeatherDetails.json; sourceTree = "<group>"; };
		9A17757523B4E0E000115BE0 /* CityWeatherVCTests.swift */ = {isa = PBXFileReference; lastKnownFileType = sourcecode.swift; path = CityWeatherVCTests.swift; sourceTree = "<group>"; };
		9A6808EC23B08822000C78A3 /* WeatherReport.app */ = {isa = PBXFileReference; explicitFileType = wrapper.application; includeInIndex = 0; path = WeatherReport.app; sourceTree = BUILT_PRODUCTS_DIR; };
		9A6808EF23B08822000C78A3 /* AppDelegate.swift */ = {isa = PBXFileReference; lastKnownFileType = sourcecode.swift; path = AppDelegate.swift; sourceTree = "<group>"; };
		9A6808F123B08822000C78A3 /* SceneDelegate.swift */ = {isa = PBXFileReference; lastKnownFileType = sourcecode.swift; path = SceneDelegate.swift; sourceTree = "<group>"; };
		9A6808F323B08822000C78A3 /* CitySearchViewController.swift */ = {isa = PBXFileReference; lastKnownFileType = sourcecode.swift; path = CitySearchViewController.swift; sourceTree = "<group>"; };
		9A6808F623B08822000C78A3 /* Base */ = {isa = PBXFileReference; lastKnownFileType = file.storyboard; name = Base; path = Base.lproj/Main.storyboard; sourceTree = "<group>"; };
		9A6808F823B08823000C78A3 /* Assets.xcassets */ = {isa = PBXFileReference; lastKnownFileType = folder.assetcatalog; path = Assets.xcassets; sourceTree = "<group>"; };
		9A6808FB23B08823000C78A3 /* Base */ = {isa = PBXFileReference; lastKnownFileType = file.storyboard; name = Base; path = Base.lproj/LaunchScreen.storyboard; sourceTree = "<group>"; };
		9A6808FD23B08823000C78A3 /* Info.plist */ = {isa = PBXFileReference; lastKnownFileType = text.plist.xml; path = Info.plist; sourceTree = "<group>"; };
		9A68090223B08823000C78A3 /* WeatherReportTests.xctest */ = {isa = PBXFileReference; explicitFileType = wrapper.cfbundle; includeInIndex = 0; path = WeatherReportTests.xctest; sourceTree = BUILT_PRODUCTS_DIR; };
		9A68090623B08823000C78A3 /* WeatherReportTests.swift */ = {isa = PBXFileReference; lastKnownFileType = sourcecode.swift; path = WeatherReportTests.swift; sourceTree = "<group>"; };
		9A68090823B08823000C78A3 /* Info.plist */ = {isa = PBXFileReference; lastKnownFileType = text.plist.xml; path = Info.plist; sourceTree = "<group>"; };
		9A68090D23B08823000C78A3 /* WeatherReportUITests.xctest */ = {isa = PBXFileReference; explicitFileType = wrapper.cfbundle; includeInIndex = 0; path = WeatherReportUITests.xctest; sourceTree = BUILT_PRODUCTS_DIR; };
		9A68091123B08823000C78A3 /* WeatherReportUITests.swift */ = {isa = PBXFileReference; lastKnownFileType = sourcecode.swift; path = WeatherReportUITests.swift; sourceTree = "<group>"; };
		9A68091323B08823000C78A3 /* Info.plist */ = {isa = PBXFileReference; lastKnownFileType = text.plist.xml; path = Info.plist; sourceTree = "<group>"; };
		9A68092423B0A3A5000C78A3 /* ConnectionManager.swift */ = {isa = PBXFileReference; lastKnownFileType = sourcecode.swift; path = ConnectionManager.swift; sourceTree = "<group>"; };
		9A68092823B0B496000C78A3 /* CityList.swift */ = {isa = PBXFileReference; lastKnownFileType = sourcecode.swift; path = CityList.swift; sourceTree = "<group>"; };
		9AA5DC1A23B0C9A20088676D /* Common.swift */ = {isa = PBXFileReference; lastKnownFileType = sourcecode.swift; path = Common.swift; sourceTree = "<group>"; };
		9AA5DC2123B0E2440088676D /* CityWeatherViewController.swift */ = {isa = PBXFileReference; lastKnownFileType = sourcecode.swift; path = CityWeatherViewController.swift; sourceTree = "<group>"; };
		9AA5DC2323B1B8110088676D /* WeatherDetailsAnnonation.swift */ = {isa = PBXFileReference; lastKnownFileType = sourcecode.swift; path = WeatherDetailsAnnonation.swift; sourceTree = "<group>"; };
		9AA5DC2523B1C7650088676D /* CityWeatherDetails.swift */ = {isa = PBXFileReference; lastKnownFileType = sourcecode.swift; path = CityWeatherDetails.swift; sourceTree = "<group>"; };
/* End PBXFileReference section */

/* Begin PBXFrameworksBuildPhase section */
		9A6808E923B08822000C78A3 /* Frameworks */ = {
			isa = PBXFrameworksBuildPhase;
			buildActionMask = 2147483647;
			files = (
			);
			runOnlyForDeploymentPostprocessing = 0;
		};
		9A6808FF23B08823000C78A3 /* Frameworks */ = {
			isa = PBXFrameworksBuildPhase;
			buildActionMask = 2147483647;
			files = (
			);
			runOnlyForDeploymentPostprocessing = 0;
		};
		9A68090A23B08823000C78A3 /* Frameworks */ = {
			isa = PBXFrameworksBuildPhase;
			buildActionMask = 2147483647;
			files = (
			);
			runOnlyForDeploymentPostprocessing = 0;
		};
/* End PBXFrameworksBuildPhase section */

/* Begin PBXGroup section */
		9A17756E23B4A08C00115BE0 /* Resources */ = {
			isa = PBXGroup;
			children = (
				9A17757123B4A10000115BE0 /* CitySearchJson.json */,
				9A17757323B4DBF700115BE0 /* CityWeatherDetails.json */,
			);
			path = Resources;
			sourceTree = "<group>";
		};
		9A6808E323B08821000C78A3 = {
			isa = PBXGroup;
			children = (
				9A6808EE23B08822000C78A3 /* WeatherReport */,
				9A68090523B08823000C78A3 /* WeatherReportTests */,
				9A68091023B08823000C78A3 /* WeatherReportUITests */,
				9A6808ED23B08822000C78A3 /* Products */,
			);
			sourceTree = "<group>";
		};
		9A6808ED23B08822000C78A3 /* Products */ = {
			isa = PBXGroup;
			children = (
				9A6808EC23B08822000C78A3 /* WeatherReport.app */,
				9A68090223B08823000C78A3 /* WeatherReportTests.xctest */,
				9A68090D23B08823000C78A3 /* WeatherReportUITests.xctest */,
			);
			name = Products;
			sourceTree = "<group>";
		};
		9A6808EE23B08822000C78A3 /* WeatherReport */ = {
			isa = PBXGroup;
			children = (
				9A6808EF23B08822000C78A3 /* AppDelegate.swift */,
				9A6808F123B08822000C78A3 /* SceneDelegate.swift */,
				9A68091F23B0A199000C78A3 /* CitySearch */,
				9AA5DC1E23B0E2280088676D /* CityWeather */,
				9A68092323B0A381000C78A3 /* NetworkManager */,
				9A68092723B0B3F1000C78A3 /* JsonModels */,
				9AA5DC1C23B0E0CC0088676D /* Common */,
				9A68092223B0A1BE000C78A3 /* Resources */,
				9A6808FD23B08823000C78A3 /* Info.plist */,
			);
			path = WeatherReport;
			sourceTree = "<group>";
		};
		9A68090523B08823000C78A3 /* WeatherReportTests */ = {
			isa = PBXGroup;
			children = (
				9A68090623B08823000C78A3 /* WeatherReportTests.swift */,
				9A17757523B4E0E000115BE0 /* CityWeatherVCTests.swift */,
				9A68090823B08823000C78A3 /* Info.plist */,
				9A17756E23B4A08C00115BE0 /* Resources */,
			);
			path = WeatherReportTests;
			sourceTree = "<group>";
		};
		9A68091023B08823000C78A3 /* WeatherReportUITests */ = {
			isa = PBXGroup;
			children = (
				9A68091123B08823000C78A3 /* WeatherReportUITests.swift */,
				9A68091323B08823000C78A3 /* Info.plist */,
			);
			path = WeatherReportUITests;
			sourceTree = "<group>";
		};
		9A68091F23B0A199000C78A3 /* CitySearch */ = {
			isa = PBXGroup;
			children = (
				9A68092023B0A199000C78A3 /* Model */,
				9A68092123B0A199000C78A3 /* ViewController */,
			);
			path = CitySearch;
			sourceTree = "<group>";
		};
		9A68092023B0A199000C78A3 /* Model */ = {
			isa = PBXGroup;
			children = (
			);
			path = Model;
			sourceTree = "<group>";
		};
		9A68092123B0A199000C78A3 /* ViewController */ = {
			isa = PBXGroup;
			children = (
				9A6808F323B08822000C78A3 /* CitySearchViewController.swift */,
			);
			path = ViewController;
			sourceTree = "<group>";
		};
		9A68092223B0A1BE000C78A3 /* Resources */ = {
			isa = PBXGroup;
			children = (
				9A6808F523B08822000C78A3 /* Main.storyboard */,
				9A6808FA23B08823000C78A3 /* LaunchScreen.storyboard */,
				9A6808F823B08823000C78A3 /* Assets.xcassets */,
			);
			path = Resources;
			sourceTree = "<group>";
		};
		9A68092323B0A381000C78A3 /* NetworkManager */ = {
			isa = PBXGroup;
			children = (
				9A68092423B0A3A5000C78A3 /* ConnectionManager.swift */,
			);
			path = NetworkManager;
			sourceTree = "<group>";
		};
		9A68092723B0B3F1000C78A3 /* JsonModels */ = {
			isa = PBXGroup;
			children = (
				9A68092823B0B496000C78A3 /* CityList.swift */,
				9AA5DC2523B1C7650088676D /* CityWeatherDetails.swift */,
			);
			path = JsonModels;
			sourceTree = "<group>";
		};
		9AA5DC1C23B0E0CC0088676D /* Common */ = {
			isa = PBXGroup;
			children = (
				9AA5DC1A23B0C9A20088676D /* Common.swift */,
			);
			path = Common;
			sourceTree = "<group>";
		};
		9AA5DC1E23B0E2280088676D /* CityWeather */ = {
			isa = PBXGroup;
			children = (
				9AA5DC1F23B0E2280088676D /* Models */,
				9AA5DC2023B0E2280088676D /* ViewController */,
			);
			path = CityWeather;
			sourceTree = "<group>";
		};
		9AA5DC1F23B0E2280088676D /* Models */ = {
			isa = PBXGroup;
			children = (
				9AA5DC2323B1B8110088676D /* WeatherDetailsAnnonation.swift */,
			);
			path = Models;
			sourceTree = "<group>";
		};
		9AA5DC2023B0E2280088676D /* ViewController */ = {
			isa = PBXGroup;
			children = (
				9AA5DC2123B0E2440088676D /* CityWeatherViewController.swift */,
			);
			path = ViewController;
			sourceTree = "<group>";
		};
/* End PBXGroup section */

/* Begin PBXNativeTarget section */
		9A6808EB23B08822000C78A3 /* WeatherReport */ = {
			isa = PBXNativeTarget;
			buildConfigurationList = 9A68091623B08823000C78A3 /* Build configuration list for PBXNativeTarget "WeatherReport" */;
			buildPhases = (
				9A6808E823B08822000C78A3 /* Sources */,
				9A6808E923B08822000C78A3 /* Frameworks */,
				9A6808EA23B08822000C78A3 /* Resources */,
			);
			buildRules = (
			);
			dependencies = (
			);
			name = WeatherReport;
			productName = WeatherReport;
			productReference = 9A6808EC23B08822000C78A3 /* WeatherReport.app */;
			productType = "com.apple.product-type.application";
		};
		9A68090123B08823000C78A3 /* WeatherReportTests */ = {
			isa = PBXNativeTarget;
			buildConfigurationList = 9A68091923B08823000C78A3 /* Build configuration list for PBXNativeTarget "WeatherReportTests" */;
			buildPhases = (
				9A6808FE23B08823000C78A3 /* Sources */,
				9A6808FF23B08823000C78A3 /* Frameworks */,
				9A68090023B08823000C78A3 /* Resources */,
			);
			buildRules = (
			);
			dependencies = (
				9A68090423B08823000C78A3 /* PBXTargetDependency */,
			);
			name = WeatherReportTests;
			productName = WeatherReportTests;
			productReference = 9A68090223B08823000C78A3 /* WeatherReportTests.xctest */;
			productType = "com.apple.product-type.bundle.unit-test";
		};
		9A68090C23B08823000C78A3 /* WeatherReportUITests */ = {
			isa = PBXNativeTarget;
			buildConfigurationList = 9A68091C23B08823000C78A3 /* Build configuration list for PBXNativeTarget "WeatherReportUITests" */;
			buildPhases = (
				9A68090923B08823000C78A3 /* Sources */,
				9A68090A23B08823000C78A3 /* Frameworks */,
				9A68090B23B08823000C78A3 /* Resources */,
			);
			buildRules = (
			);
			dependencies = (
				9A68090F23B08823000C78A3 /* PBXTargetDependency */,
			);
			name = WeatherReportUITests;
			productName = WeatherReportUITests;
			productReference = 9A68090D23B08823000C78A3 /* WeatherReportUITests.xctest */;
			productType = "com.apple.product-type.bundle.ui-testing";
		};
/* End PBXNativeTarget section */

/* Begin PBXProject section */
		9A6808E423B08821000C78A3 /* Project object */ = {
			isa = PBXProject;
			attributes = {
				LastSwiftUpdateCheck = 1100;
				LastUpgradeCheck = 1100;
				ORGANIZATIONNAME = "Krishna Singana";
				TargetAttributes = {
					9A6808EB23B08822000C78A3 = {
						CreatedOnToolsVersion = 11.0;
					};
					9A68090123B08823000C78A3 = {
						CreatedOnToolsVersion = 11.0;
						TestTargetID = 9A6808EB23B08822000C78A3;
					};
					9A68090C23B08823000C78A3 = {
						CreatedOnToolsVersion = 11.0;
						TestTargetID = 9A6808EB23B08822000C78A3;
					};
				};
			};
			buildConfigurationList = 9A6808E723B08821000C78A3 /* Build configuration list for PBXProject "WeatherReport" */;
			compatibilityVersion = "Xcode 9.3";
			developmentRegion = en;
			hasScannedForEncodings = 0;
			knownRegions = (
				en,
				Base,
			);
			mainGroup = 9A6808E323B08821000C78A3;
			productRefGroup = 9A6808ED23B08822000C78A3 /* Products */;
			projectDirPath = "";
			projectRoot = "";
			targets = (
				9A6808EB23B08822000C78A3 /* WeatherReport */,
				9A68090123B08823000C78A3 /* WeatherReportTests */,
				9A68090C23B08823000C78A3 /* WeatherReportUITests */,
			);
		};
/* End PBXProject section */

/* Begin PBXResourcesBuildPhase section */
		9A6808EA23B08822000C78A3 /* Resources */ = {
			isa = PBXResourcesBuildPhase;
			buildActionMask = 2147483647;
			files = (
				9A6808FC23B08823000C78A3 /* LaunchScreen.storyboard in Resources */,
				9A6808F923B08823000C78A3 /* Assets.xcassets in Resources */,
				9A6808F723B08822000C78A3 /* Main.storyboard in Resources */,
			);
			runOnlyForDeploymentPostprocessing = 0;
		};
		9A68090023B08823000C78A3 /* Resources */ = {
			isa = PBXResourcesBuildPhase;
			buildActionMask = 2147483647;
			files = (
				9A17757423B4DBF700115BE0 /* CityWeatherDetails.json in Resources */,
				9A17757223B4A10000115BE0 /* CitySearchJson.json in Resources */,
			);
			runOnlyForDeploymentPostprocessing = 0;
		};
		9A68090B23B08823000C78A3 /* Resources */ = {
			isa = PBXResourcesBuildPhase;
			buildActionMask = 2147483647;
			files = (
			);
			runOnlyForDeploymentPostprocessing = 0;
		};
/* End PBXResourcesBuildPhase section */

/* Begin PBXSourcesBuildPhase section */
		9A6808E823B08822000C78A3 /* Sources */ = {
			isa = PBXSourcesBuildPhase;
			buildActionMask = 2147483647;
			files = (
				9A6808F423B08822000C78A3 /* CitySearchViewController.swift in Sources */,
				9A68092523B0A3A5000C78A3 /* ConnectionManager.swift in Sources */,
				9A6808F023B08822000C78A3 /* AppDelegate.swift in Sources */,
				9A6808F223B08822000C78A3 /* SceneDelegate.swift in Sources */,
				9AA5DC2623B1C7650088676D /* CityWeatherDetails.swift in Sources */,
				9AA5DC2423B1B8110088676D /* WeatherDetailsAnnonation.swift in Sources */,
				9AA5DC2223B0E2440088676D /* CityWeatherViewController.swift in Sources */,
				9AA5DC1B23B0C9A20088676D /* Common.swift in Sources */,
				9A68092923B0B496000C78A3 /* CityList.swift in Sources */,
			);
			runOnlyForDeploymentPostprocessing = 0;
		};
		9A6808FE23B08823000C78A3 /* Sources */ = {
			isa = PBXSourcesBuildPhase;
			buildActionMask = 2147483647;
			files = (
				9A17757623B4E0E000115BE0 /* CityWeatherVCTests.swift in Sources */,
				9A68090723B08823000C78A3 /* WeatherReportTests.swift in Sources */,
			);
			runOnlyForDeploymentPostprocessing = 0;
		};
		9A68090923B08823000C78A3 /* Sources */ = {
			isa = PBXSourcesBuildPhase;
			buildActionMask = 2147483647;
			files = (
				9A68091223B08823000C78A3 /* WeatherReportUITests.swift in Sources */,
			);
			runOnlyForDeploymentPostprocessing = 0;
		};
/* End PBXSourcesBuildPhase section */

/* Begin PBXTargetDependency section */
		9A68090423B08823000C78A3 /* PBXTargetDependency */ = {
			isa = PBXTargetDependency;
			target = 9A6808EB23B08822000C78A3 /* WeatherReport */;
			targetProxy = 9A68090323B08823000C78A3 /* PBXContainerItemProxy */;
		};
		9A68090F23B08823000C78A3 /* PBXTargetDependency */ = {
			isa = PBXTargetDependency;
			target = 9A6808EB23B08822000C78A3 /* WeatherReport */;
			targetProxy = 9A68090E23B08823000C78A3 /* PBXContainerItemProxy */;
		};
/* End PBXTargetDependency section */

/* Begin PBXVariantGroup section */
		9A6808F523B08822000C78A3 /* Main.storyboard */ = {
			isa = PBXVariantGroup;
			children = (
				9A6808F623B08822000C78A3 /* Base */,
			);
			name = Main.storyboard;
			sourceTree = "<group>";
		};
		9A6808FA23B08823000C78A3 /* LaunchScreen.storyboard */ = {
			isa = PBXVariantGroup;
			children = (
				9A6808FB23B08823000C78A3 /* Base */,
			);
			name = LaunchScreen.storyboard;
			sourceTree = "<group>";
		};
/* End PBXVariantGroup section */

/* Begin XCBuildConfiguration section */
		9A68091423B08823000C78A3 /* Debug */ = {
			isa = XCBuildConfiguration;
			buildSettings = {
				ALWAYS_SEARCH_USER_PATHS = NO;
				CLANG_ANALYZER_NONNULL = YES;
				CLANG_ANALYZER_NUMBER_OBJECT_CONVERSION = YES_AGGRESSIVE;
				CLANG_CXX_LANGUAGE_STANDARD = "gnu++14";
				CLANG_CXX_LIBRARY = "libc++";
				CLANG_ENABLE_MODULES = YES;
				CLANG_ENABLE_OBJC_ARC = YES;
				CLANG_ENABLE_OBJC_WEAK = YES;
				CLANG_WARN_BLOCK_CAPTURE_AUTORELEASING = YES;
				CLANG_WARN_BOOL_CONVERSION = YES;
				CLANG_WARN_COMMA = YES;
				CLANG_WARN_CONSTANT_CONVERSION = YES;
				CLANG_WARN_DEPRECATED_OBJC_IMPLEMENTATIONS = YES;
				CLANG_WARN_DIRECT_OBJC_ISA_USAGE = YES_ERROR;
				CLANG_WARN_DOCUMENTATION_COMMENTS = YES;
				CLANG_WARN_EMPTY_BODY = YES;
				CLANG_WARN_ENUM_CONVERSION = YES;
				CLANG_WARN_INFINITE_RECURSION = YES;
				CLANG_WARN_INT_CONVERSION = YES;
				CLANG_WARN_NON_LITERAL_NULL_CONVERSION = YES;
				CLANG_WARN_OBJC_IMPLICIT_RETAIN_SELF = YES;
				CLANG_WARN_OBJC_LITERAL_CONVERSION = YES;
				CLANG_WARN_OBJC_ROOT_CLASS = YES_ERROR;
				CLANG_WARN_RANGE_LOOP_ANALYSIS = YES;
				CLANG_WARN_STRICT_PROTOTYPES = YES;
				CLANG_WARN_SUSPICIOUS_MOVE = YES;
				CLANG_WARN_UNGUARDED_AVAILABILITY = YES_AGGRESSIVE;
				CLANG_WARN_UNREACHABLE_CODE = YES;
				CLANG_WARN__DUPLICATE_METHOD_MATCH = YES;
				COPY_PHASE_STRIP = NO;
				DEBUG_INFORMATION_FORMAT = dwarf;
				ENABLE_STRICT_OBJC_MSGSEND = YES;
				ENABLE_TESTABILITY = YES;
				GCC_C_LANGUAGE_STANDARD = gnu11;
				GCC_DYNAMIC_NO_PIC = NO;
				GCC_NO_COMMON_BLOCKS = YES;
				GCC_OPTIMIZATION_LEVEL = 0;
				GCC_PREPROCESSOR_DEFINITIONS = (
					"DEBUG=1",
					"$(inherited)",
				);
				GCC_WARN_64_TO_32_BIT_CONVERSION = YES;
				GCC_WARN_ABOUT_RETURN_TYPE = YES_ERROR;
				GCC_WARN_UNDECLARED_SELECTOR = YES;
				GCC_WARN_UNINITIALIZED_AUTOS = YES_AGGRESSIVE;
				GCC_WARN_UNUSED_FUNCTION = YES;
				GCC_WARN_UNUSED_VARIABLE = YES;
				IPHONEOS_DEPLOYMENT_TARGET = 12.0;
				MTL_ENABLE_DEBUG_INFO = INCLUDE_SOURCE;
				MTL_FAST_MATH = YES;
				ONLY_ACTIVE_ARCH = YES;
				SDKROOT = iphoneos;
				SWIFT_ACTIVE_COMPILATION_CONDITIONS = DEBUG;
				SWIFT_OPTIMIZATION_LEVEL = "-Onone";
			};
			name = Debug;
		};
		9A68091523B08823000C78A3 /* Release */ = {
			isa = XCBuildConfiguration;
			buildSettings = {
				ALWAYS_SEARCH_USER_PATHS = NO;
				CLANG_ANALYZER_NONNULL = YES;
				CLANG_ANALYZER_NUMBER_OBJECT_CONVERSION = YES_AGGRESSIVE;
				CLANG_CXX_LANGUAGE_STANDARD = "gnu++14";
				CLANG_CXX_LIBRARY = "libc++";
				CLANG_ENABLE_MODULES = YES;
				CLANG_ENABLE_OBJC_ARC = YES;
				CLANG_ENABLE_OBJC_WEAK = YES;
				CLANG_WARN_BLOCK_CAPTURE_AUTORELEASING = YES;
				CLANG_WARN_BOOL_CONVERSION = YES;
				CLANG_WARN_COMMA = YES;
				CLANG_WARN_CONSTANT_CONVERSION = YES;
				CLANG_WARN_DEPRECATED_OBJC_IMPLEMENTATIONS = YES;
				CLANG_WARN_DIRECT_OBJC_ISA_USAGE = YES_ERROR;
				CLANG_WARN_DOCUMENTATION_COMMENTS = YES;
				CLANG_WARN_EMPTY_BODY = YES;
				CLANG_WARN_ENUM_CONVERSION = YES;
				CLANG_WARN_INFINITE_RECURSION = YES;
				CLANG_WARN_INT_CONVERSION = YES;
				CLANG_WARN_NON_LITERAL_NULL_CONVERSION = YES;
				CLANG_WARN_OBJC_IMPLICIT_RETAIN_SELF = YES;
				CLANG_WARN_OBJC_LITERAL_CONVERSION = YES;
				CLANG_WARN_OBJC_ROOT_CLASS = YES_ERROR;
				CLANG_WARN_RANGE_LOOP_ANALYSIS = YES;
				CLANG_WARN_STRICT_PROTOTYPES = YES;
				CLANG_WARN_SUSPICIOUS_MOVE = YES;
				CLANG_WARN_UNGUARDED_AVAILABILITY = YES_AGGRESSIVE;
				CLANG_WARN_UNREACHABLE_CODE = YES;
				CLANG_WARN__DUPLICATE_METHOD_MATCH = YES;
				COPY_PHASE_STRIP = NO;
				DEBUG_INFORMATION_FORMAT = "dwarf-with-dsym";
				ENABLE_NS_ASSERTIONS = NO;
				ENABLE_STRICT_OBJC_MSGSEND = YES;
				GCC_C_LANGUAGE_STANDARD = gnu11;
				GCC_NO_COMMON_BLOCKS = YES;
				GCC_WARN_64_TO_32_BIT_CONVERSION = YES;
				GCC_WARN_ABOUT_RETURN_TYPE = YES_ERROR;
				GCC_WARN_UNDECLARED_SELECTOR = YES;
				GCC_WARN_UNINITIALIZED_AUTOS = YES_AGGRESSIVE;
				GCC_WARN_UNUSED_FUNCTION = YES;
				GCC_WARN_UNUSED_VARIABLE = YES;
				IPHONEOS_DEPLOYMENT_TARGET = 12.0;
				MTL_ENABLE_DEBUG_INFO = NO;
				MTL_FAST_MATH = YES;
				SDKROOT = iphoneos;
				SWIFT_COMPILATION_MODE = wholemodule;
				SWIFT_OPTIMIZATION_LEVEL = "-O";
				VALIDATE_PRODUCT = YES;
			};
			name = Release;
		};
		9A68091723B08823000C78A3 /* Debug */ = {
			isa = XCBuildConfiguration;
			buildSettings = {
				ASSETCATALOG_COMPILER_APPICON_NAME = AppIcon;
				CODE_SIGN_STYLE = Automatic;
				DEVELOPMENT_TEAM = 2NK33YXXKM;
				INFOPLIST_FILE = WeatherReport/Info.plist;
				IPHONEOS_DEPLOYMENT_TARGET = 13.0;
				LD_RUNPATH_SEARCH_PATHS = (
					"$(inherited)",
					"@executable_path/Frameworks",
				);
				PRODUCT_BUNDLE_IDENTIFIER = com.krishna.WeatherReport;
				PRODUCT_NAME = "$(TARGET_NAME)";
				SWIFT_VERSION = 5.0;
				TARGETED_DEVICE_FAMILY = 1;
			};
			name = Debug;
		};
		9A68091823B08823000C78A3 /* Release */ = {
			isa = XCBuildConfiguration;
			buildSettings = {
				ASSETCATALOG_COMPILER_APPICON_NAME = AppIcon;
				CODE_SIGN_STYLE = Automatic;
				DEVELOPMENT_TEAM = 2NK33YXXKM;
				INFOPLIST_FILE = WeatherReport/Info.plist;
				IPHONEOS_DEPLOYMENT_TARGET = 13.0;
				LD_RUNPATH_SEARCH_PATHS = (
					"$(inherited)",
					"@executable_path/Frameworks",
				);
				PRODUCT_BUNDLE_IDENTIFIER = com.krishna.WeatherReport;
				PRODUCT_NAME = "$(TARGET_NAME)";
				SWIFT_VERSION = 5.0;
				TARGETED_DEVICE_FAMILY = 1;
			};
			name = Release;
		};
		9A68091A23B08823000C78A3 /* Debug */ = {
			isa = XCBuildConfiguration;
			buildSettings = {
				ALWAYS_EMBED_SWIFT_STANDARD_LIBRARIES = YES;
				BUNDLE_LOADER = "$(TEST_HOST)";
				CODE_SIGN_STYLE = Automatic;
				DEVELOPMENT_TEAM = 2NK33YXXKM;
				INFOPLIST_FILE = WeatherReportTests/Info.plist;
				IPHONEOS_DEPLOYMENT_TARGET = 13.0;
				LD_RUNPATH_SEARCH_PATHS = (
					"$(inherited)",
					"@executable_path/Frameworks",
					"@loader_path/Frameworks",
				);
				PRODUCT_BUNDLE_IDENTIFIER = com.krishna.WeatherReportTests;
				PRODUCT_NAME = "$(TARGET_NAME)";
				SWIFT_VERSION = 5.0;
				TARGETED_DEVICE_FAMILY = "1,2";
				TEST_HOST = "$(BUILT_PRODUCTS_DIR)/WeatherReport.app/WeatherReport";
			};
			name = Debug;
		};
		9A68091B23B08823000C78A3 /* Release */ = {
			isa = XCBuildConfiguration;
			buildSettings = {
				ALWAYS_EMBED_SWIFT_STANDARD_LIBRARIES = YES;
				BUNDLE_LOADER = "$(TEST_HOST)";
				CODE_SIGN_STYLE = Automatic;
				DEVELOPMENT_TEAM = 2NK33YXXKM;
				INFOPLIST_FILE = WeatherReportTests/Info.plist;
				IPHONEOS_DEPLOYMENT_TARGET = 13.0;
				LD_RUNPATH_SEARCH_PATHS = (
					"$(inherited)",
					"@executable_path/Frameworks",
					"@loader_path/Frameworks",
				);
				PRODUCT_BUNDLE_IDENTIFIER = com.krishna.WeatherReportTests;
				PRODUCT_NAME = "$(TARGET_NAME)";
				SWIFT_VERSION = 5.0;
				TARGETED_DEVICE_FAMILY = "1,2";
				TEST_HOST = "$(BUILT_PRODUCTS_DIR)/WeatherReport.app/WeatherReport";
			};
			name = Release;
		};
		9A68091D23B08823000C78A3 /* Debug */ = {
			isa = XCBuildConfiguration;
			buildSettings = {
				ALWAYS_EMBED_SWIFT_STANDARD_LIBRARIES = YES;
				CODE_SIGN_STYLE = Automatic;
				DEVELOPMENT_TEAM = 2NK33YXXKM;
				INFOPLIST_FILE = WeatherReportUITests/Info.plist;
				LD_RUNPATH_SEARCH_PATHS = (
					"$(inherited)",
					"@executable_path/Frameworks",
					"@loader_path/Frameworks",
				);
				PRODUCT_BUNDLE_IDENTIFIER = com.krishna.WeatherReportUITests;
				PRODUCT_NAME = "$(TARGET_NAME)";
				SWIFT_VERSION = 5.0;
				TARGETED_DEVICE_FAMILY = "1,2";
				TEST_TARGET_NAME = WeatherReport;
			};
			name = Debug;
		};
		9A68091E23B08823000C78A3 /* Release */ = {
			isa = XCBuildConfiguration;
			buildSettings = {
				ALWAYS_EMBED_SWIFT_STANDARD_LIBRARIES = YES;
				CODE_SIGN_STYLE = Automatic;
				DEVELOPMENT_TEAM = 2NK33YXXKM;
				INFOPLIST_FILE = WeatherReportUITests/Info.plist;
				LD_RUNPATH_SEARCH_PATHS = (
					"$(inherited)",
					"@executable_path/Frameworks",
					"@loader_path/Frameworks",
				);
				PRODUCT_BUNDLE_IDENTIFIER = com.krishna.WeatherReportUITests;
				PRODUCT_NAME = "$(TARGET_NAME)";
				SWIFT_VERSION = 5.0;
				TARGETED_DEVICE_FAMILY = "1,2";
				TEST_TARGET_NAME = WeatherReport;
			};
			name = Release;
		};
/* End XCBuildConfiguration section */

/* Begin XCConfigurationList section */
		9A6808E723B08821000C78A3 /* Build configuration list for PBXProject "WeatherReport" */ = {
			isa = XCConfigurationList;
			buildConfigurations = (
				9A68091423B08823000C78A3 /* Debug */,
				9A68091523B08823000C78A3 /* Release */,
			);
			defaultConfigurationIsVisible = 0;
			defaultConfigurationName = Release;
		};
		9A68091623B08823000C78A3 /* Build configuration list for PBXNativeTarget "WeatherReport" */ = {
			isa = XCConfigurationList;
			buildConfigurations = (
				9A68091723B08823000C78A3 /* Debug */,
				9A68091823B08823000C78A3 /* Release */,
			);
			defaultConfigurationIsVisible = 0;
			defaultConfigurationName = Release;
		};
		9A68091923B08823000C78A3 /* Build configuration list for PBXNativeTarget "WeatherReportTests" */ = {
			isa = XCConfigurationList;
			buildConfigurations = (
				9A68091A23B08823000C78A3 /* Debug */,
				9A68091B23B08823000C78A3 /* Release */,
			);
			defaultConfigurationIsVisible = 0;
			defaultConfigurationName = Release;
		};
		9A68091C23B08823000C78A3 /* Build configuration list for PBXNativeTarget "WeatherReportUITests" */ = {
			isa = XCConfigurationList;
			buildConfigurations = (
				9A68091D23B08823000C78A3 /* Debug */,
				9A68091E23B08823000C78A3 /* Release */,
			);
			defaultConfigurationIsVisible = 0;
			defaultConfigurationName = Release;
		};
/* End XCConfigurationList section */
	};
	rootObject = 9A6808E423B08821000C78A3 /* Project object */;
}
